
Microsoft Visual Studio Solution File, Format Version 12.00
# Visual Studio Version 17
VisualStudioVersion = 17.5.002.0
MinimumVisualStudioVersion = 10.0.40219.1
Project("{9A19103F-16F7-4668-BE54-9A1E7A4F7556}") = "Repositories", "Repositories\Repositories.csproj", "{A9E25E02-409C-49A5-A1F9-CAD2A5AE0381}"
EndProject
Project("{9A19103F-16F7-4668-BE54-9A1E7A4F7556}") = "Services", "Services\Services.csproj", "{09E6AA98-5395-42DD-818B-D186B294AA4C}"
EndProject
Project("{9A19103F-16F7-4668-BE54-9A1E7A4F7556}") = "WebApi", "WebApi\WebApi.csproj", "{C164B8B4-0C71-4BBB-BC15-993CEF25C3F0}"
EndProject
Global
	GlobalSection(SolutionConfigurationPlatforms) = preSolution
		Debug|Any CPU = Debug|Any CPU
		Release|Any CPU = Release|Any CPU
	EndGlobalSection
	GlobalSection(ProjectConfigurationPlatforms) = postSolution
		{A9E25E02-409C-49A5-A1F9-CAD2A5AE0381}.Debug|Any CPU.ActiveCfg = Debug|Any CPU
		{A9E25E02-409C-49A5-A1F9-CAD2A5AE0381}.Debug|Any CPU.Build.0 = Debug|Any CPU
		{A9E25E02-409C-49A5-A1F9-CAD2A5AE0381}.Release|Any CPU.ActiveCfg = Release|Any CPU
		{A9E25E02-409C-49A5-A1F9-CAD2A5AE0381}.Release|Any CPU.Build.0 = Release|Any CPU
		{09E6AA98-5395-42DD-818B-D186B294AA4C}.Debug|Any CPU.ActiveCfg = Debug|Any CPU
		{09E6AA98-5395-42DD-818B-D186B294AA4C}.Debug|Any CPU.Build.0 = Debug|Any CPU
		{09E6AA98-5395-42DD-818B-D186B294AA4C}.Release|Any CPU.ActiveCfg = Release|Any CPU
		{09E6AA98-5395-42DD-818B-D186B294AA4C}.Release|Any CPU.Build.0 = Release|Any CPU
		{C164B8B4-0C71-4BBB-BC15-993CEF25C3F0}.Debug|Any CPU.ActiveCfg = Debug|Any CPU
		{C164B8B4-0C71-4BBB-BC15-993CEF25C3F0}.Debug|Any CPU.Build.0 = Debug|Any CPU
		{C164B8B4-0C71-4BBB-BC15-993CEF25C3F0}.Release|Any CPU.ActiveCfg = Release|Any CPU
		{C164B8B4-0C71-4BBB-BC15-993CEF25C3F0}.Release|Any CPU.Build.0 = Release|Any CPU
	EndGlobalSection
	GlobalSection(SolutionProperties) = preSolution
		HideSolutionNode = FALSE
	EndGlobalSection
	GlobalSection(ExtensibilityGlobals) = postSolution
		SolutionGuid = {6BF5F0C4-5B54-4EF1-8345-48F8C8D37D96}
	EndGlobalSection
EndGlobal
